# THIS IS AN AUTOGENERATED FILE. DO NOT EDIT THIS FILE DIRECTLY.
# yarn lockfile v1


"@hookform/resolvers@^2.9.10":
  version "2.9.10"
  resolved "https://registry.yarnpkg.com/@hookform/resolvers/-/resolvers-2.9.10.tgz#e7e88942ee34e97b7bc937b0be4694194c9cd420"
  integrity sha512-JIL1DgJIlH9yuxcNGtyhsWX/PgNltz+5Gr6+8SX9fhXc/hPbEIk6wPI82nhgvp3uUb6ZfAM5mqg/x7KR7NAb+A==
